// !$*UTF8*$!
{
	archiveVersion = 1;
	classes = {
	};
	objectVersion = 46;
	objects = {

/* Begin PBXBuildFile section */
		921BC6561E552A4300636320 /* Meme.swift in Sources */ = {isa = PBXBuildFile; fileRef = 921BC6551E552A4300636320 /* Meme.swift */; };
		9242A6D61E54E6CB00A92F90 /* AppDelegate.swift in Sources */ = {isa = PBXBuildFile; fileRef = 9242A6D51E54E6CB00A92F90 /* AppDelegate.swift */; };
		9242A6D81E54E6CB00A92F90 /* MemeEditorViewController.swift in Sources */ = {isa = PBXBuildFile; fileRef = 9242A6D71E54E6CB00A92F90 /* MemeEditorViewController.swift */; };
		9242A6DB1E54E6CB00A92F90 /* Main.storyboard in Resources */ = {isa = PBXBuildFile; fileRef = 9242A6D91E54E6CB00A92F90 /* Main.storyboard */; };
		9242A6DD1E54E6CB00A92F90 /* Assets.xcassets in Resources */ = {isa = PBXBuildFile; fileRef = 9242A6DC1E54E6CB00A92F90 /* Assets.xcassets */; };
		9242A6E01E54E6CB00A92F90 /* LaunchScreen.storyboard in Resources */ = {isa = PBXBuildFile; fileRef = 9242A6DE1E54E6CB00A92F90 /* LaunchScreen.storyboard */; };
		92FFDA491E5666680019BC9F /* CollectionMemeViewController.swift in Sources */ = {isa = PBXBuildFile; fileRef = 92FFDA481E5666680019BC9F /* CollectionMemeViewController.swift */; };
		92FFDA4B1E56669E0019BC9F /* TableMemeViewController.swift in Sources */ = {isa = PBXBuildFile; fileRef = 92FFDA4A1E56669E0019BC9F /* TableMemeViewController.swift */; };
/* End PBXBuildFile section */

/* Begin PBXFileReference section */
		921BC6551E552A4300636320 /* Meme.swift */ = {isa = PBXFileReference; fileEncoding = 4; lastKnownFileType = sourcecode.swift; path = Meme.swift; sourceTree = "<group>"; };
		9242A6D21E54E6CB00A92F90 /* MemeMeApp.app */ = {isa = PBXFileReference; explicitFileType = wrapper.application; includeInIndex = 0; path = MemeMeApp.app; sourceTree = BUILT_PRODUCTS_DIR; };
		9242A6D51E54E6CB00A92F90 /* AppDelegate.swift */ = {isa = PBXFileReference; lastKnownFileType = sourcecode.swift; path = AppDelegate.swift; sourceTree = "<group>"; };
		9242A6D71E54E6CB00A92F90 /* MemeEditorViewController.swift */ = {isa = PBXFileReference; lastKnownFileType = sourcecode.swift; path = MemeEditorViewController.swift; sourceTree = "<group>"; };
		9242A6DA1E54E6CB00A92F90 /* Base */ = {isa = PBXFileReference; lastKnownFileType = file.storyboard; name = Base; path = Base.lproj/Main.storyboard; sourceTree = "<group>"; };
		9242A6DC1E54E6CB00A92F90 /* Assets.xcassets */ = {isa = PBXFileReference; lastKnownFileType = folder.assetcatalog; path = Assets.xcassets; sourceTree = "<group>"; };
		9242A6DF1E54E6CB00A92F90 /* Base */ = {isa = PBXFileReference; lastKnownFileType = file.storyboard; name = Base; path = Base.lproj/LaunchScreen.storyboard; sourceTree = "<group>"; };
		9242A6E11E54E6CB00A92F90 /* Info.plist */ = {isa = PBXFileReference; lastKnownFileType = text.plist.xml; path = Info.plist; sourceTree = "<group>"; };
		92FFDA481E5666680019BC9F /* CollectionMemeViewController.swift */ = {isa = PBXFileReference; fileEncoding = 4; lastKnownFileType = sourcecode.swift; path = CollectionMemeViewController.swift; sourceTree = "<group>"; };
		92FFDA4A1E56669E0019BC9F /* TableMemeViewController.swift */ = {isa = PBXFileReference; fileEncoding = 4; lastKnownFileType = sourcecode.swift; path = TableMemeViewController.swift; sourceTree = "<group>"; };
/* End PBXFileReference section */

/* Begin PBXFrameworksBuildPhase section */
		9242A6CF1E54E6CB00A92F90 /* Frameworks */ = {
			isa = PBXFrameworksBuildPhase;
			buildActionMask = 2147483647;
			files = (
			);
			runOnlyForDeploymentPostprocessing = 0;
		};
/* End PBXFrameworksBuildPhase section */

/* Begin PBXGroup section */
		9242A6C91E54E6CB00A92F90 = {
			isa = PBXGroup;
			children = (
				9242A6D41E54E6CB00A92F90 /* MemeMeApp */,
				9242A6D31E54E6CB00A92F90 /* Products */,
			);
			sourceTree = "<group>";
		};
		9242A6D31E54E6CB00A92F90 /* Products */ = {
			isa = PBXGroup;
			children = (
				9242A6D21E54E6CB00A92F90 /* MemeMeApp.app */,
			);
			name = Products;
			sourceTree = "<group>";
		};
		9242A6D41E54E6CB00A92F90 /* MemeMeApp */ = {
			isa = PBXGroup;
			children = (
				9242A6D51E54E6CB00A92F90 /* AppDelegate.swift */,
				9242A6D71E54E6CB00A92F90 /* MemeEditorViewController.swift */,
				92FFDA481E5666680019BC9F /* CollectionMemeViewController.swift */,
				92FFDA4A1E56669E0019BC9F /* TableMemeViewController.swift */,
				921BC6551E552A4300636320 /* Meme.swift */,
				9242A6D91E54E6CB00A92F90 /* Main.storyboard */,
				9242A6DC1E54E6CB00A92F90 /* Assets.xcassets */,
				9242A6DE1E54E6CB00A92F90 /* LaunchScreen.storyboard */,
				9242A6E11E54E6CB00A92F90 /* Info.plist */,
			);
			path = MemeMeApp;
			sourceTree = "<group>";
		};
/* End PBXGroup section */

/* Begin PBXNativeTarget section */
		9242A6D11E54E6CB00A92F90 /* MemeMeApp */ = {
			isa = PBXNativeTarget;
			buildConfigurationList = 9242A6E41E54E6CC00A92F90 /* Build configuration list for PBXNativeTarget "MemeMeApp" */;
			buildPhases = (
				9242A6CE1E54E6CB00A92F90 /* Sources */,
				9242A6CF1E54E6CB00A92F90 /* Frameworks */,
				9242A6D01E54E6CB00A92F90 /* Resources */,
			);
			buildRules = (
			);
			dependencies = (
			);
			name = MemeMeApp;
			productName = MemeMeApp;
			productReference = 9242A6D21E54E6CB00A92F90 /* MemeMeApp.app */;
			productType = "com.apple.product-type.application";
		};
/* End PBXNativeTarget section */

/* Begin PBXProject section */
		9242A6CA1E54E6CB00A92F90 /* Project object */ = {
			isa = PBXProject;
			attributes = {
				LastSwiftUpdateCheck = 0820;
				LastUpgradeCheck = 0820;
				ORGANIZATIONNAME = Udacity;
				TargetAttributes = {
					9242A6D11E54E6CB00A92F90 = {
						CreatedOnToolsVersion = 8.2.1;
						ProvisioningStyle = Manual;
					};
				};
			};
			buildConfigurationList = 9242A6CD1E54E6CB00A92F90 /* Build configuration list for PBXProject "MemeMeApp" */;
			compatibilityVersion = "Xcode 3.2";
			developmentRegion = English;
			hasScannedForEncodings = 0;
			knownRegions = (
				en,
				Base,
			);
			mainGroup = 9242A6C91E54E6CB00A92F90;
			productRefGroup = 9242A6D31E54E6CB00A92F90 /* Products */;
			projectDirPath = "";
			projectRoot = "";
			targets = (
				9242A6D11E54E6CB00A92F90 /* MemeMeApp */,
			);
		};
/* End PBXProject section */

/* Begin PBXResourcesBuildPhase section */
		9242A6D01E54E6CB00A92F90 /* Resources */ = {
			isa = PBXResourcesBuildPhase;
			buildActionMask = 2147483647;
			files = (
				9242A6E01E54E6CB00A92F90 /* LaunchScreen.storyboard in Resources */,
				9242A6DD1E54E6CB00A92F90 /* Assets.xcassets in Resources */,
				9242A6DB1E54E6CB00A92F90 /* Main.storyboard in Resources */,
			);
			runOnlyForDeploymentPostprocessing = 0;
		};
/* End PBXResourcesBuildPhase section */

/* Begin PBXSourcesBuildPhase section */
		9242A6CE1E54E6CB00A92F90 /* Sources */ = {
			isa = PBXSourcesBuildPhase;
			buildActionMask = 2147483647;
			files = (
				92FFDA491E5666680019BC9F /* CollectionMemeViewController.swift in Sources */,
				921BC6561E552A4300636320 /* Meme.swift in Sources */,
				9242A6D81E54E6CB00A92F90 /* MemeEditorViewController.swift in Sources */,
				9242A6D61E54E6CB00A92F90 /* AppDelegate.swift in Sources */,
				92FFDA4B1E56669E0019BC9F /* TableMemeViewController.swift in Sources */,
			);
			runOnlyForDeploymentPostprocessing = 0;
		};
/* End PBXSourcesBuildPhase section */

/* Begin PBXVariantGroup section */
		9242A6D91E54E6CB00A92F90 /* Main.storyboard */ = {
			isa = PBXVariantGroup;
			children = (
				9242A6DA1E54E6CB00A92F90 /* Base */,
			);
			name = Main.storyboard;
			sourceTree = "<group>";
		};
		9242A6DE1E54E6CB00A92F90 /* LaunchScreen.storyboard */ = {
			isa = PBXVariantGroup;
			children = (
				9242A6DF1E54E6CB00A92F90 /* Base */,
			);
			name = LaunchScreen.storyboard;
			sourceTree = "<group>";
		};
/* End PBXVariantGroup section */

/* Begin XCBuildConfiguration section */
		9242A6E21E54E6CB00A92F90 /* Debug */ = {
			isa = XCBuildConfiguration;
			buildSettings = {
				ALWAYS_SEARCH_USER_PATHS = NO;
				CLANG_ANALYZER_NONNULL = YES;
				CLANG_CXX_LANGUAGE_STANDARD = "gnu++0x";
				CLANG_CXX_LIBRARY = "libc++";
				CLANG_ENABLE_MODULES = YES;
				CLANG_ENABLE_OBJC_ARC = YES;
				CLANG_WARN_BOOL_CONVERSION = YES;
				CLANG_WARN_CONSTANT_CONVERSION = YES;
				CLANG_WARN_DIRECT_OBJC_ISA_USAGE = YES_ERROR;
				CLANG_WARN_DOCUMENTATION_COMMENTS = YES;
				CLANG_WARN_EMPTY_BODY = YES;
				CLANG_WARN_ENUM_CONVERSION = YES;
				CLANG_WARN_INFINITE_RECURSION = YES;
				CLANG_WARN_INT_CONVERSION = YES;
				CLANG_WARN_OBJC_ROOT_CLASS = YES_ERROR;
				CLANG_WARN_SUSPICIOUS_MOVE = YES;
				CLANG_WARN_UNREACHABLE_CODE = YES;
				CLANG_WARN__DUPLICATE_METHOD_MATCH = YES;
				"CODE_SIGN_IDENTITY[sdk=iphoneos*]" = "iPhone Developer";
				COPY_PHASE_STRIP = NO;
				DEBUG_INFORMATION_FORMAT = dwarf;
				ENABLE_STRICT_OBJC_MSGSEND = YES;
				ENABLE_TESTABILITY = YES;
				GCC_C_LANGUAGE_STANDARD = gnu99;
				GCC_DYNAMIC_NO_PIC = NO;
				GCC_NO_COMMON_BLOCKS = YES;
				GCC_OPTIMIZATION_LEVEL = 0;
				GCC_PREPROCESSOR_DEFINITIONS = (
					"DEBUG=1",
					"$(inherited)",
				);
				GCC_WARN_64_TO_32_BIT_CONVERSION = YES;
				GCC_WARN_ABOUT_RETURN_TYPE = YES_ERROR;
				GCC_WARN_UNDECLARED_SELECTOR = YES;
				GCC_WARN_UNINITIALIZED_AUTOS = YES_AGGRESSIVE;
				GCC_WARN_UNUSED_FUNCTION = YES;
				GCC_WARN_UNUSED_VARIABLE = YES;
				IPHONEOS_DEPLOYMENT_TARGET = 10.2;
				MTL_ENABLE_DEBUG_INFO = YES;
				ONLY_ACTIVE_ARCH = YES;
				SDKROOT = iphoneos;
				SWIFT_ACTIVE_COMPILATION_CONDITIONS = DEBUG;
				SWIFT_OPTIMIZATION_LEVEL = "-Onone";
				TARGETED_DEVICE_FAMILY = "1,2";
			};
			name = Debug;
		};
		9242A6E31E54E6CB00A92F90 /* Release */ = {
			isa = XCBuildConfiguration;
			buildSettings = {
				ALWAYS_SEARCH_USER_PATHS = NO;
				CLANG_ANALYZER_NONNULL = YES;
				CLANG_CXX_LANGUAGE_STANDARD = "gnu++0x";
				CLANG_CXX_LIBRARY = "libc++";
				CLANG_ENABLE_MODULES = YES;
				CLANG_ENABLE_OBJC_ARC = YES;
				CLANG_WARN_BOOL_CONVERSION = YES;
				CLANG_WARN_CONSTANT_CONVERSION = YES;
				CLANG_WARN_DIRECT_OBJC_ISA_USAGE = YES_ERROR;
				CLANG_WARN_DOCUMENTATION_COMMENTS = YES;
				CLANG_WARN_EMPTY_BODY = YES;
				CLANG_WARN_ENUM_CONVERSION = YES;
				CLANG_WARN_INFINITE_RECURSION = YES;
				CLANG_WARN_INT_CONVERSION = YES;
				CLANG_WARN_OBJC_ROOT_CLASS = YES_ERROR;
				CLANG_WARN_SUSPICIOUS_MOVE = YES;
				CLANG_WARN_UNREACHABLE_CODE = YES;
				CLANG_WARN__DUPLICATE_METHOD_MATCH = YES;
				"CODE_SIGN_IDENTITY[sdk=iphoneos*]" = "iPhone Developer";
				COPY_PHASE_STRIP = NO;
				DEBUG_INFORMATION_FORMAT = "dwarf-with-dsym";
				ENABLE_NS_ASSERTIONS = NO;
				ENABLE_STRICT_OBJC_MSGSEND = YES;
				GCC_C_LANGUAGE_STANDARD = gnu99;
				GCC_NO_COMMON_BLOCKS = YES;
				GCC_WARN_64_TO_32_BIT_CONVERSION = YES;
				GCC_WARN_ABOUT_RETURN_TYPE = YES_ERROR;
				GCC_WARN_UNDECLARED_SELECTOR = YES;
				GCC_WARN_UNINITIALIZED_AUTOS = YES_AGGRESSIVE;
				GCC_WARN_UNUSED_FUNCTION = YES;
				GCC_WARN_UNUSED_VARIABLE = YES;
				IPHONEOS_DEPLOYMENT_TARGET = 10.2;
				MTL_ENABLE_DEBUG_INFO = NO;
				SDKROOT = iphoneos;
				SWIFT_OPTIMIZATION_LEVEL = "-Owholemodule";
				TARGETED_DEVICE_FAMILY = "1,2";
				VALIDATE_PRODUCT = YES;
			};
			name = Release;
		};
		9242A6E51E54E6CC00A92F90 /* Debug */ = {
			isa = XCBuildConfiguration;
			buildSettings = {
				ASSETCATALOG_COMPILER_APPICON_NAME = AppIcon;
				DEVELOPMENT_TEAM = "";
				INFOPLIST_FILE = MemeMeApp/Info.plist;
				LD_RUNPATH_SEARCH_PATHS = "$(inherited) @executable_path/Frameworks";
				PRODUCT_BUNDLE_IDENTIFIER = com.udacity.MemeMeApp;
				PRODUCT_NAME = "$(TARGET_NAME)";
				SWIFT_VERSION = 3.0;
			};
			name = Debug;
		};
		9242A6E61E54E6CC00A92F90 /* Release */ = {
			isa = XCBuildConfiguration;
			buildSettings = {
				ASSETCATALOG_COMPILER_APPICON_NAME = AppIcon;
				DEVELOPMENT_TEAM = "";
				INFOPLIST_FILE = MemeMeApp/Info.plist;
				LD_RUNPATH_SEARCH_PATHS = "$(inherited) @executable_path/Frameworks";
				PRODUCT_BUNDLE_IDENTIFIER = com.udacity.MemeMeApp;
				PRODUCT_NAME = "$(TARGET_NAME)";
				SWIFT_VERSION = 3.0;
			};
			name = Release;
		};
/* End XCBuildConfiguration section */

/* Begin XCConfigurationList section */
		9242A6CD1E54E6CB00A92F90 /* Build configuration list for PBXProject "MemeMeApp" */ = {
			isa = XCConfigurationList;
			buildConfigurations = (
				9242A6E21E54E6CB00A92F90 /* Debug */,
				9242A6E31E54E6CB00A92F90 /* Release */,
			);
			defaultConfigurationIsVisible = 0;
			defaultConfigurationName = Release;
		};
		9242A6E41E54E6CC00A92F90 /* Build configuration list for PBXNativeTarget "MemeMeApp" */ = {
			isa = XCConfigurationList;
			buildConfigurations = (
				9242A6E51E54E6CC00A92F90 /* Debug */,
				9242A6E61E54E6CC00A92F90 /* Release */,
			);
			defaultConfigurationIsVisible = 0;
			defaultConfigurationName = Release;
		};
/* End XCConfigurationList section */
	};
	rootObject = 9242A6CA1E54E6CB00A92F90 /* Project object */;
}
